
Microsoft Visual Studio Solution File, Format Version 12.00
# Visual Studio 15
VisualStudioVersion = 15.0.28307.421
MinimumVisualStudioVersion = 10.0.40219.1
Project("{9A19103F-16F7-4668-BE54-9A1E7A4F7556}") = "WebCore21", "WebCore21\WebCore21.csproj", "{D7C2F0C3-45E2-43A3-9603-E549C57E5630}"
EndProject
Project("{9A19103F-16F7-4668-BE54-9A1E7A4F7556}") = "WebCore22", "WebCore22\WebCore22.csproj", "{8F3CE068-8FD0-4309-9CC0-3785529C6E79}"
EndProject
Project("{9A19103F-16F7-4668-BE54-9A1E7A4F7556}") = "ControllerLib", "ControllerLib\ControllerLib.csproj", "{071A46A3-8135-42B9-9484-7C4F4621DE2F}"
EndProject
Global
	GlobalSection(SolutionConfigurationPlatforms) = preSolution
		Debug|Any CPU = Debug|Any CPU
		Release|Any CPU = Release|Any CPU
	EndGlobalSection
	GlobalSection(ProjectConfigurationPlatforms) = postSolution
		{D7C2F0C3-45E2-43A3-9603-E549C57E5630}.Debug|Any CPU.ActiveCfg = Debug|Any CPU
		{D7C2F0C3-45E2-43A3-9603-E549C57E5630}.Debug|Any CPU.Build.0 = Debug|Any CPU
		{D7C2F0C3-45E2-43A3-9603-E549C57E5630}.Release|Any CPU.ActiveCfg = Release|Any CPU
		{D7C2F0C3-45E2-43A3-9603-E549C57E5630}.Release|Any CPU.Build.0 = Release|Any CPU
		{8F3CE068-8FD0-4309-9CC0-3785529C6E79}.Debug|Any CPU.ActiveCfg = Debug|Any CPU
		{8F3CE068-8FD0-4309-9CC0-3785529C6E79}.Debug|Any CPU.Build.0 = Debug|Any CPU
		{8F3CE068-8FD0-4309-9CC0-3785529C6E79}.Release|Any CPU.ActiveCfg = Release|Any CPU
		{8F3CE068-8FD0-4309-9CC0-3785529C6E79}.Release|Any CPU.Build.0 = Release|Any CPU
		{071A46A3-8135-42B9-9484-7C4F4621DE2F}.Debug|Any CPU.ActiveCfg = Debug|Any CPU
		{071A46A3-8135-42B9-9484-7C4F4621DE2F}.Debug|Any CPU.Build.0 = Debug|Any CPU
		{071A46A3-8135-42B9-9484-7C4F4621DE2F}.Release|Any CPU.ActiveCfg = Release|Any CPU
		{071A46A3-8135-42B9-9484-7C4F4621DE2F}.Release|Any CPU.Build.0 = Release|Any CPU
	EndGlobalSection
	GlobalSection(SolutionProperties) = preSolution
		HideSolutionNode = FALSE
	EndGlobalSection
	GlobalSection(ExtensibilityGlobals) = postSolution
		SolutionGuid = {6D8BD65A-E18C-42C0-AFFF-C0C5BFB10003}
	EndGlobalSection
EndGlobal
